<?xml version="1.0" encoding="utf-8"?>
<Project ToolsVersion="4.0" xmlns="http://schemas.microsoft.com/developer/msbuild/2003">
  <ItemGroup>
    <Filter Include="Source Files">
      <UniqueIdentifier>{4FC737F1-C7A5-4376-A066-2A32D752A2FF}</UniqueIdentifier>
      <Extensions>cpp;c;cc;cxx;def;odl;idl;hpj;bat;asm;asmx</Extensions>
    </Filter>
    <Filter Include="Header Files">
      <UniqueIdentifier>{93995380-89BD-4b04-88EB-625FBE52EBFB}</UniqueIdentifier>
      <Extensions>h;hh;hpp;hxx;hm;inl;inc;ipp;xsd</Extensions>
    </Filter>
    <Filter Include="Resource Files">
      <UniqueIdentifier>{67DA6AB6-F800-4c08-8B7A-83BB121AAD01}</UniqueIdentifier>
      <Extensions>rc;ico;cur;bmp;dlg;rc2;rct;bin;rgs;gif;jpg;jpeg;jpe;resx;tiff;tif;png;wav;mfcribbon-ms</Extensions>
    </Filter>
  </ItemGroup>
  <ItemGroup>
    <ClCompile Include="Dependencies\ImGui\imgui.cpp">
      <Filter>Source Files</Filter>
    </ClCompile>
    <ClCompile Include="Dependencies\ImGui\imgui_demo.cpp">
      <Filter>Source Files</Filter>
    </ClCompile>
    <ClCompile Include="Dependencies\ImGui\imgui_draw.cpp">
      <Filter>Source Files</Filter>
    </ClCompile>
    <ClCompile Include="Dependencies\ImGui\imgui_impl_sdl.cpp">
      <Filter>Source Files</Filter>
    </ClCompile>
    <ClCompile Include="Dependencies\ImGui\imgui_widgets.cpp">
      <Filter>Source Files</Filter>
    </ClCompile>
    <ClCompile Include="Dependencies\MathGeoLib\include\MathGeoLib\Algorithm\Random\LCG.cpp">
      <Filter>Source Files</Filter>
    </ClCompile>
    <ClCompile Include="Dependencies\MathGeoLib\include\MathGeoLib\Geometry\AABB.cpp">
      <Filter>Source Files</Filter>
    </ClCompile>
    <ClCompile Include="Dependencies\MathGeoLib\include\MathGeoLib\Geometry\Capsule.cpp">
      <Filter>Source Files</Filter>
    </ClCompile>
    <ClCompile Include="Dependencies\MathGeoLib\include\MathGeoLib\Geometry\Circle.cpp">
      <Filter>Source Files</Filter>
    </ClCompile>
    <ClCompile Include="Dependencies\MathGeoLib\include\MathGeoLib\Geometry\Cone.cpp">
      <Filter>Source Files</Filter>
    </ClCompile>
    <ClCompile Include="Dependencies\MathGeoLib\include\MathGeoLib\Geometry\Cylinder.cpp">
      <Filter>Source Files</Filter>
    </ClCompile>
    <ClCompile Include="Dependencies\MathGeoLib\include\MathGeoLib\Geometry\Frustum.cpp">
      <Filter>Source Files</Filter>
    </ClCompile>
    <ClCompile Include="Dependencies\MathGeoLib\include\MathGeoLib\Geometry\Line.cpp">
      <Filter>Source Files</Filter>
    </ClCompile>
    <ClCompile Include="Dependencies\MathGeoLib\include\MathGeoLib\Geometry\LineSegment.cpp">
      <Filter>Source Files</Filter>
    </ClCompile>
    <ClCompile Include="Dependencies\MathGeoLib\include\MathGeoLib\Geometry\OBB.cpp">
      <Filter>Source Files</Filter>
    </ClCompile>
    <ClCompile Include="Dependencies\MathGeoLib\include\MathGeoLib\Geometry\Plane.cpp">
      <Filter>Source Files</Filter>
    </ClCompile>
    <ClCompile Include="Dependencies\MathGeoLib\include\MathGeoLib\Geometry\Polygon.cpp">
      <Filter>Source Files</Filter>
    </ClCompile>
    <ClCompile Include="Dependencies\MathGeoLib\include\MathGeoLib\Geometry\Polyhedron.cpp">
      <Filter>Source Files</Filter>
    </ClCompile>
    <ClCompile Include="Dependencies\MathGeoLib\include\MathGeoLib\Geometry\Ray.cpp">
      <Filter>Source Files</Filter>
    </ClCompile>
    <ClCompile Include="Dependencies\MathGeoLib\include\MathGeoLib\Geometry\Sphere.cpp">
      <Filter>Source Files</Filter>
    </ClCompile>
    <ClCompile Include="Dependencies\MathGeoLib\include\MathGeoLib\Geometry\Triangle.cpp">
      <Filter>Source Files</Filter>
    </ClCompile>
    <ClCompile Include="Dependencies\MathGeoLib\include\MathGeoLib\Geometry\TriangleMesh.cpp">
      <Filter>Source Files</Filter>
    </ClCompile>
    <ClCompile Include="Dependencies\MathGeoLib\include\MathGeoLib\Math\BitOps.cpp">
      <Filter>Source Files</Filter>
    </ClCompile>
    <ClCompile Include="Dependencies\MathGeoLib\include\MathGeoLib\Math\float2.cpp">
      <Filter>Source Files</Filter>
    </ClCompile>
    <ClCompile Include="Dependencies\MathGeoLib\include\MathGeoLib\Math\float3.cpp">
      <Filter>Source Files</Filter>
    </ClCompile>
    <ClCompile Include="Dependencies\MathGeoLib\include\MathGeoLib\Math\float3x3.cpp">
      <Filter>Source Files</Filter>
    </ClCompile>
    <ClCompile Include="Dependencies\MathGeoLib\include\MathGeoLib\Math\float3x4.cpp">
      <Filter>Source Files</Filter>
    </ClCompile>
    <ClCompile Include="Dependencies\MathGeoLib\include\MathGeoLib\Math\float4.cpp">
      <Filter>Source Files</Filter>
    </ClCompile>
    <ClCompile Include="Dependencies\MathGeoLib\include\MathGeoLib\Math\float4x4.cpp">
      <Filter>Source Files</Filter>
    </ClCompile>
    <ClCompile Include="Dependencies\MathGeoLib\include\MathGeoLib\Math\MathFunc.cpp">
      <Filter>Source Files</Filter>
    </ClCompile>
    <ClCompile Include="Dependencies\MathGeoLib\include\MathGeoLib\Math\MathLog.cpp">
      <Filter>Source Files</Filter>
    </ClCompile>
    <ClCompile Include="Dependencies\MathGeoLib\include\MathGeoLib\Math\MathOps.cpp">
      <Filter>Source Files</Filter>
    </ClCompile>
    <ClCompile Include="Dependencies\MathGeoLib\include\MathGeoLib\Math\Polynomial.cpp">
      <Filter>Source Files</Filter>
    </ClCompile>
    <ClCompile Include="Dependencies\MathGeoLib\include\MathGeoLib\Math\Quat.cpp">
      <Filter>Source Files</Filter>
    </ClCompile>
    <ClCompile Include="Dependencies\MathGeoLib\include\MathGeoLib\Math\SSEMath.cpp">
      <Filter>Source Files</Filter>
    </ClCompile>
    <ClCompile Include="Dependencies\MathGeoLib\include\MathGeoLib\Math\TransformOps.cpp">
      <Filter>Source Files</Filter>
    </ClCompile>
    <ClCompile Include="Dependencies\MathGeoLib\include\MathGeoLib\Time\Clock.cpp">
      <Filter>Source Files</Filter>
    </ClCompile>
    <ClCompile Include="Dependencies\ImGui\imgui_impl_opengl3.cpp">
      <Filter>Source Files</Filter>
    </ClCompile>
    <ClCompile Include="Dependencies\pcg\extras\entropy.c">
      <Filter>Source Files</Filter>
    </ClCompile>
    <ClCompile Include="src\Core\Application.cpp">
      <Filter>Source Files</Filter>
    </ClCompile>
    <ClCompile Include="src\Core\Main.cpp">
      <Filter>Source Files</Filter>
    </ClCompile>
    <ClCompile Include="src\Modules\ModuleCamera.cpp">
      <Filter>Source Files</Filter>
    </ClCompile>
    <ClCompile Include="src\Modules\ModuleGUI.cpp">
      <Filter>Source Files</Filter>
    </ClCompile>
    <ClCompile Include="src\Modules\ModuleInput.cpp">
      <Filter>Source Files</Filter>
    </ClCompile>
    <ClCompile Include="src\Modules\ModuleRenderer.cpp">
      <Filter>Source Files</Filter>
    </ClCompile>
    <ClCompile Include="src\Modules\ModuleWindow.cpp">
      <Filter>Source Files</Filter>
    </ClCompile>
    <ClCompile Include="src\Panels\PanelPreview.cpp">
      <Filter>Source Files</Filter>
    </ClCompile>
    <ClCompile Include="src\Tools\Random.cpp">
      <Filter>Source Files</Filter>
    </ClCompile>
    <ClCompile Include="src\Tools\Timer.cpp">
      <Filter>Source Files</Filter>
    </ClCompile>
    <ClCompile Include="src\Utilities\Color.cpp">
      <Filter>Source Files</Filter>
    </ClCompile>
    <ClCompile Include="src\Utilities\log.cpp">
      <Filter>Source Files</Filter>
    </ClCompile>
    <ClCompile Include="src\Utilities\Primitive.cpp">
      <Filter>Source Files</Filter>
    </ClCompile>
    <ClCompile Include="src\Resources\Resource.cpp">
      <Filter>Source Files</Filter>
    </ClCompile>
    <ClCompile Include="src\Resources\ResourceShader.cpp">
      <Filter>Source Files</Filter>
    </ClCompile>
    <ClCompile Include="src\Modules\ModuleResources.cpp">
      <Filter>Source Files</Filter>
    </ClCompile>
    <ClCompile Include="src\Panels\PanelShaderEditor.cpp">
      <Filter>Source Files</Filter>
    </ClCompile>
    <ClCompile Include="src\Graphics\ShaderGraph.cpp">
      <Filter>Source Files</Filter>
    </ClCompile>
    <ClCompile Include="src\Graphics\ShaderNode.cpp">
      <Filter>Source Files</Filter>
    </ClCompile>
    <ClCompile Include="src\Graphics\Nodes\PBRNode.cpp">
      <Filter>Source Files</Filter>
    </ClCompile>
    <ClCompile Include="src\Panels\PanelInspector.cpp">
      <Filter>Source Files</Filter>
    </ClCompile>
    <ClCompile Include="src\Graphics\Nodes\Parameter\VectorNode.cpp">
      <Filter>Source Files</Filter>
    </ClCompile>
    <ClCompile Include="src\Graphics\Nodes\Parameter\TextureSamplerNode.cpp">
      <Filter>Source Files</Filter>
    </ClCompile>
    <ClCompile Include="src\Graphics\ShaderUniform.cpp">
      <Filter>Source Files</Filter>
    </ClCompile>
    <ClCompile Include="src\Utilities\Texture.cpp">
      <Filter>Source Files</Filter>
    </ClCompile>
    <ClCompile Include="src\Graphics\Nodes\Math\MathBasicNode.cpp">
      <Filter>Source Files</Filter>
    </ClCompile>
    <ClCompile Include="src\Utilities\CorlorPicker.cpp">
      <Filter>Source Files</Filter>
    </ClCompile>
  </ItemGroup>
  <ItemGroup>
    <ClInclude Include="Dependencies\ImGui\imconfig.h">
      <Filter>Header Files</Filter>
    </ClInclude>
    <ClInclude Include="Dependencies\ImGui\imgui.h">
      <Filter>Header Files</Filter>
    </ClInclude>
    <ClInclude Include="Dependencies\ImGui\imgui_impl_sdl.h">
      <Filter>Header Files</Filter>
    </ClInclude>
    <ClInclude Include="Dependencies\ImGui\imstb_rectpack.h">
      <Filter>Header Files</Filter>
    </ClInclude>
    <ClInclude Include="Dependencies\ImGui\imstb_textedit.h">
      <Filter>Header Files</Filter>
    </ClInclude>
    <ClInclude Include="Dependencies\ImGui\imstb_truetype.h">
      <Filter>Header Files</Filter>
    </ClInclude>
    <ClInclude Include="Dependencies\ImGui\imgui_internal.h">
      <Filter>Header Files</Filter>
    </ClInclude>
    <ClInclude Include="Dependencies\MathGeoLib\include\MathGeoLib\Algorithm\Random\LCG.h">
      <Filter>Header Files</Filter>
    </ClInclude>
    <ClInclude Include="Dependencies\MathGeoLib\include\MathGeoLib\Geometry\AABB.h">
      <Filter>Header Files</Filter>
    </ClInclude>
    <ClInclude Include="Dependencies\MathGeoLib\include\MathGeoLib\Geometry\AABB2D.h">
      <Filter>Header Files</Filter>
    </ClInclude>
    <ClInclude Include="Dependencies\MathGeoLib\include\MathGeoLib\Geometry\Capsule.h">
      <Filter>Header Files</Filter>
    </ClInclude>
    <ClInclude Include="Dependencies\MathGeoLib\include\MathGeoLib\Geometry\Circle.h">
      <Filter>Header Files</Filter>
    </ClInclude>
    <ClInclude Include="Dependencies\MathGeoLib\include\MathGeoLib\Geometry\Cone.h">
      <Filter>Header Files</Filter>
    </ClInclude>
    <ClInclude Include="Dependencies\MathGeoLib\include\MathGeoLib\Geometry\Cylinder.h">
      <Filter>Header Files</Filter>
    </ClInclude>
    <ClInclude Include="Dependencies\MathGeoLib\include\MathGeoLib\Geometry\Frustum.h">
      <Filter>Header Files</Filter>
    </ClInclude>
    <ClInclude Include="Dependencies\MathGeoLib\include\MathGeoLib\Geometry\GeometryAll.h">
      <Filter>Header Files</Filter>
    </ClInclude>
    <ClInclude Include="Dependencies\MathGeoLib\include\MathGeoLib\Geometry\GeomType.h">
      <Filter>Header Files</Filter>
    </ClInclude>
    <ClInclude Include="Dependencies\MathGeoLib\include\MathGeoLib\Geometry\HitInfo.h">
      <Filter>Header Files</Filter>
    </ClInclude>
    <ClInclude Include="Dependencies\MathGeoLib\include\MathGeoLib\Geometry\Line.h">
      <Filter>Header Files</Filter>
    </ClInclude>
    <ClInclude Include="Dependencies\MathGeoLib\include\MathGeoLib\Geometry\LineSegment.h">
      <Filter>Header Files</Filter>
    </ClInclude>
    <ClInclude Include="Dependencies\MathGeoLib\include\MathGeoLib\Geometry\OBB.h">
      <Filter>Header Files</Filter>
    </ClInclude>
    <ClInclude Include="Dependencies\MathGeoLib\include\MathGeoLib\Geometry\PBVolume.h">
      <Filter>Header Files</Filter>
    </ClInclude>
    <ClInclude Include="Dependencies\MathGeoLib\include\MathGeoLib\Geometry\Plane.h">
      <Filter>Header Files</Filter>
    </ClInclude>
    <ClInclude Include="Dependencies\MathGeoLib\include\MathGeoLib\Geometry\Polygon.h">
      <Filter>Header Files</Filter>
    </ClInclude>
    <ClInclude Include="Dependencies\MathGeoLib\include\MathGeoLib\Geometry\Polyhedron.h">
      <Filter>Header Files</Filter>
    </ClInclude>
    <ClInclude Include="Dependencies\MathGeoLib\include\MathGeoLib\Geometry\Ray.h">
      <Filter>Header Files</Filter>
    </ClInclude>
    <ClInclude Include="Dependencies\MathGeoLib\include\MathGeoLib\Geometry\Sphere.h">
      <Filter>Header Files</Filter>
    </ClInclude>
    <ClInclude Include="Dependencies\MathGeoLib\include\MathGeoLib\Geometry\Triangle.h">
      <Filter>Header Files</Filter>
    </ClInclude>
    <ClInclude Include="Dependencies\MathGeoLib\include\MathGeoLib\Geometry\TriangleMesh.h">
      <Filter>Header Files</Filter>
    </ClInclude>
    <ClInclude Include="Dependencies\MathGeoLib\include\MathGeoLib\Math\assume.h">
      <Filter>Header Files</Filter>
    </ClInclude>
    <ClInclude Include="Dependencies\MathGeoLib\include\MathGeoLib\Math\BitOps.h">
      <Filter>Header Files</Filter>
    </ClInclude>
    <ClInclude Include="Dependencies\MathGeoLib\include\MathGeoLib\Math\Complex.h">
      <Filter>Header Files</Filter>
    </ClInclude>
    <ClInclude Include="Dependencies\MathGeoLib\include\MathGeoLib\Math\CoordinateAxisConvention.h">
      <Filter>Header Files</Filter>
    </ClInclude>
    <ClInclude Include="Dependencies\MathGeoLib\include\MathGeoLib\Math\FixedPoint.h">
      <Filter>Header Files</Filter>
    </ClInclude>
    <ClInclude Include="Dependencies\MathGeoLib\include\MathGeoLib\Math\float2.h">
      <Filter>Header Files</Filter>
    </ClInclude>
    <ClInclude Include="Dependencies\MathGeoLib\include\MathGeoLib\Math\float3.h">
      <Filter>Header Files</Filter>
    </ClInclude>
    <ClInclude Include="Dependencies\MathGeoLib\include\MathGeoLib\Math\float3x3.h">
      <Filter>Header Files</Filter>
    </ClInclude>
    <ClInclude Include="Dependencies\MathGeoLib\include\MathGeoLib\Math\float3x4.h">
      <Filter>Header Files</Filter>
    </ClInclude>
    <ClInclude Include="Dependencies\MathGeoLib\include\MathGeoLib\Math\float4.h">
      <Filter>Header Files</Filter>
    </ClInclude>
    <ClInclude Include="Dependencies\MathGeoLib\include\MathGeoLib\Math\float4_neon.h">
      <Filter>Header Files</Filter>
    </ClInclude>
    <ClInclude Include="Dependencies\MathGeoLib\include\MathGeoLib\Math\float4_sse.h">
      <Filter>Header Files</Filter>
    </ClInclude>
    <ClInclude Include="Dependencies\MathGeoLib\include\MathGeoLib\Math\float4x4.h">
      <Filter>Header Files</Filter>
    </ClInclude>
    <ClInclude Include="Dependencies\MathGeoLib\include\MathGeoLib\Math\float4x4_neon.h">
      <Filter>Header Files</Filter>
    </ClInclude>
    <ClInclude Include="Dependencies\MathGeoLib\include\MathGeoLib\Math\float4x4_sse.h">
      <Filter>Header Files</Filter>
    </ClInclude>
    <ClInclude Include="Dependencies\MathGeoLib\include\MathGeoLib\Math\FloatCmp.h">
      <Filter>Header Files</Filter>
    </ClInclude>
    <ClInclude Include="Dependencies\MathGeoLib\include\MathGeoLib\Math\MathAll.h">
      <Filter>Header Files</Filter>
    </ClInclude>
    <ClInclude Include="Dependencies\MathGeoLib\include\MathGeoLib\Math\MathConstants.h">
      <Filter>Header Files</Filter>
    </ClInclude>
    <ClInclude Include="Dependencies\MathGeoLib\include\MathGeoLib\Math\MathFunc.h">
      <Filter>Header Files</Filter>
    </ClInclude>
    <ClInclude Include="Dependencies\MathGeoLib\include\MathGeoLib\Math\MathLog.h">
      <Filter>Header Files</Filter>
    </ClInclude>
    <ClInclude Include="Dependencies\MathGeoLib\include\MathGeoLib\Math\MathNamespace.h">
      <Filter>Header Files</Filter>
    </ClInclude>
    <ClInclude Include="Dependencies\MathGeoLib\include\MathGeoLib\Math\MathTypes.h">
      <Filter>Header Files</Filter>
    </ClInclude>
    <ClInclude Include="Dependencies\MathGeoLib\include\MathGeoLib\Math\MatrixProxy.h">
      <Filter>Header Files</Filter>
    </ClInclude>
    <ClInclude Include="Dependencies\MathGeoLib\include\MathGeoLib\Math\myassert.h">
      <Filter>Header Files</Filter>
    </ClInclude>
    <ClInclude Include="Dependencies\MathGeoLib\include\MathGeoLib\Math\Polynomial.h">
      <Filter>Header Files</Filter>
    </ClInclude>
    <ClInclude Include="Dependencies\MathGeoLib\include\MathGeoLib\Math\Quat.h">
      <Filter>Header Files</Filter>
    </ClInclude>
    <ClInclude Include="Dependencies\MathGeoLib\include\MathGeoLib\Math\quat_simd.h">
      <Filter>Header Files</Filter>
    </ClInclude>
    <ClInclude Include="Dependencies\MathGeoLib\include\MathGeoLib\Math\Rect.h">
      <Filter>Header Files</Filter>
    </ClInclude>
    <ClInclude Include="Dependencies\MathGeoLib\include\MathGeoLib\Math\Reinterpret.h">
      <Filter>Header Files</Filter>
    </ClInclude>
    <ClInclude Include="Dependencies\MathGeoLib\include\MathGeoLib\Math\sse_mathfun.h">
      <Filter>Header Files</Filter>
    </ClInclude>
    <ClInclude Include="Dependencies\MathGeoLib\include\MathGeoLib\Math\SSEMath.h">
      <Filter>Header Files</Filter>
    </ClInclude>
    <ClInclude Include="Dependencies\MathGeoLib\include\MathGeoLib\Math\TransformOps.h">
      <Filter>Header Files</Filter>
    </ClInclude>
    <ClInclude Include="Dependencies\MathGeoLib\include\MathGeoLib\Time\Clock.h">
      <Filter>Header Files</Filter>
    </ClInclude>
    <ClInclude Include="Dependencies\MathGeoLib\include\MathGeoLib\MathBuildConfig.h">
      <Filter>Header Files</Filter>
    </ClInclude>
    <ClInclude Include="Dependencies\MathGeoLib\include\MathGeoLib\MathGeoLib.h">
      <Filter>Header Files</Filter>
    </ClInclude>
    <ClInclude Include="Dependencies\MathGeoLib\include\MathGeoLib\MathGeoLibFwd.h">
      <Filter>Header Files</Filter>
    </ClInclude>
    <ClInclude Include="Dependencies\ImGui\imgui_impl_opengl3.h">
      <Filter>Header Files</Filter>
    </ClInclude>
    <ClInclude Include="Dependencies\pcg\extras\entropy.h">
      <Filter>Header Files</Filter>
    </ClInclude>
    <ClInclude Include="Dependencies\pcg\extras\pcg_spinlock.h">
      <Filter>Header Files</Filter>
    </ClInclude>
    <ClInclude Include="Dependencies\pcg\include\pcg_variants.h">
      <Filter>Header Files</Filter>
    </ClInclude>
    <ClInclude Include="src\Core\Application.h">
      <Filter>Header Files</Filter>
    </ClInclude>
    <ClInclude Include="src\Core\Globals.h">
      <Filter>Header Files</Filter>
    </ClInclude>
    <ClInclude Include="src\Modules\Module.h">
      <Filter>Header Files</Filter>
    </ClInclude>
    <ClInclude Include="src\Modules\ModuleCamera.h">
      <Filter>Header Files</Filter>
    </ClInclude>
    <ClInclude Include="src\Modules\ModuleGUI.h">
      <Filter>Header Files</Filter>
    </ClInclude>
    <ClInclude Include="src\Modules\ModuleInput.h">
      <Filter>Header Files</Filter>
    </ClInclude>
    <ClInclude Include="src\Modules\ModuleRenderer.h">
      <Filter>Header Files</Filter>
    </ClInclude>
    <ClInclude Include="src\Modules\ModuleWindow.h">
      <Filter>Header Files</Filter>
    </ClInclude>
    <ClInclude Include="src\Panels\Panel.h">
      <Filter>Header Files</Filter>
    </ClInclude>
    <ClInclude Include="src\Panels\PanelPreview.h">
      <Filter>Header Files</Filter>
    </ClInclude>
    <ClInclude Include="src\Tools\Random.h">
      <Filter>Header Files</Filter>
    </ClInclude>
    <ClInclude Include="src\Tools\Timer.h">
      <Filter>Header Files</Filter>
    </ClInclude>
    <ClInclude Include="src\Utilities\Color.h">
      <Filter>Header Files</Filter>
    </ClInclude>
    <ClInclude Include="src\Utilities\Primitive.h">
      <Filter>Header Files</Filter>
    </ClInclude>
    <ClInclude Include="src\Resources\Resource.h">
      <Filter>Header Files</Filter>
    </ClInclude>
    <ClInclude Include="src\Resources\ResourceShader.h">
      <Filter>Header Files</Filter>
    </ClInclude>
    <ClInclude Include="src\Modules\ModuleResources.h">
      <Filter>Header Files</Filter>
    </ClInclude>
    <ClInclude Include="src\Panels\PanelShaderEditor.h">
      <Filter>Header Files</Filter>
    </ClInclude>
    <ClInclude Include="src\Graphics\ShaderGraph.h">
      <Filter>Header Files</Filter>
    </ClInclude>
    <ClInclude Include="src\Graphics\ShaderNode.h">
      <Filter>Header Files</Filter>
    </ClInclude>
    <ClInclude Include="src\Graphics\Nodes\PBRNode.h">
      <Filter>Header Files</Filter>
    </ClInclude>
    <ClInclude Include="src\Panels\PanelInspector.h">
      <Filter>Header Files</Filter>
    </ClInclude>
    <ClInclude Include="src\Graphics\Nodes\Parameter\VectorNode.h">
      <Filter>Header Files</Filter>
    </ClInclude>
    <ClInclude Include="src\Graphics\Nodes\Parameter\TextureSamplerNode.h">
      <Filter>Header Files</Filter>
    </ClInclude>
    <ClInclude Include="src\Graphics\ShaderUniform.h">
      <Filter>Header Files</Filter>
    </ClInclude>
    <ClInclude Include="src\Utilities\Texture.h">
      <Filter>Header Files</Filter>
    </ClInclude>
    <ClInclude Include="src\Graphics\Nodes\Math\MathBasicNode.h">
      <Filter>Header Files</Filter>
    </ClInclude>
    <ClInclude Include="src\Utilities\CorlorPicker.h">
      <Filter>Header Files</Filter>
    </ClInclude>
  </ItemGroup>
</Project>